
Microsoft Visual Studio Solution File, Format Version 12.00
# Visual Studio Version 16
VisualStudioVersion = 16.0.31613.86
MinimumVisualStudioVersion = 10.0.40219.1
Project("{FAE04EC0-301F-11D3-BF4B-00C04F79EFBC}") = "RPS", "RPS\RPS.csproj", "{F1B49757-8C8E-4323-9043-923E83E47E54}"
EndProject
Global
	GlobalSection(SolutionConfigurationPlatforms) = preSolution
		Debug|Any CPU = Debug|Any CPU
		Release|Any CPU = Release|Any CPU
	EndGlobalSection
	GlobalSection(ProjectConfigurationPlatforms) = postSolution
		{F1B49757-8C8E-4323-9043-923E83E47E54}.Debug|Any CPU.ActiveCfg = Debug|Any CPU
		{F1B49757-8C8E-4323-9043-923E83E47E54}.Debug|Any CPU.Build.0 = Debug|Any CPU
		{F1B49757-8C8E-4323-9043-923E83E47E54}.Release|Any CPU.ActiveCfg = Release|Any CPU
		{F1B49757-8C8E-4323-9043-923E83E47E54}.Release|Any CPU.Build.0 = Release|Any CPU
	EndGlobalSection
	GlobalSection(SolutionProperties) = preSolution
		HideSolutionNode = FALSE
	EndGlobalSection
	GlobalSection(ExtensibilityGlobals) = postSolution
		SolutionGuid = {616BE72C-8EE0-4C2A-883D-55D1029CF7BA}
	EndGlobalSection
EndGlobal
